Microsoft Visual Studio Solution File, Format Version 12.00
# Visual Studio Version 17
VisualStudioVersion = 17.5.2.0
MinimumVisualStudioVersion = 10.0.40219.1
Project("{FAE04EC0-301F-11D3-BF4B-00C04F79EFBC}") = "GrpcMaintenance", "GrpcMaintenance.csproj", "{313D6A11-4DC7-EAE9-B5C8-8E2C93231BB8}"
EndProject
Global
	GlobalSection(SolutionConfigurationPlatforms) = preSolution
		Debug|Any CPU = Debug|Any CPU
		Release|Any CPU = Release|Any CPU
	EndGlobalSection
	GlobalSection(ProjectConfigurationPlatforms) = postSolution
		{313D6A11-4DC7-EAE9-B5C8-8E2C93231BB8}.Debug|Any CPU.ActiveCfg = Debug|Any CPU
		{313D6A11-4DC7-EAE9-B5C8-8E2C93231BB8}.Debug|Any CPU.Build.0 = Debug|Any CPU
		{313D6A11-4DC7-EAE9-B5C8-8E2C93231BB8}.Release|Any CPU.ActiveCfg = Release|Any CPU
		{313D6A11-4DC7-EAE9-B5C8-8E2C93231BB8}.Release|Any CPU.Build.0 = Release|Any CPU
	EndGlobalSection
	GlobalSection(SolutionProperties) = preSolution
		HideSolutionNode = FALSE
	EndGlobalSection
	GlobalSection(ExtensibilityGlobals) = postSolution
		SolutionGuid = {6D60376E-02D5-4526-A5B3-081D119500BA}
	EndGlobalSection
EndGlobal
